{
    "_readme": [
        "This file locks the dependencies of your project to a known state",
        "Read more about it at https://getcomposer.org/doc/01-basic-usage.md#installing-dependencies",
        "This file is @generated automatically"
    ],
    "content-hash": "eb0d5776eb917b77a22f17a340421dbb",
    "packages": [
        {
            "name": "ekolo/eko-helpers",
            "version": "0.3.4",
            "source": {
                "type": "git",
                "url": "https://github.com/ekolo-contributing/eko-helpers.git",
                "reference": "4be901010e48f3950e3a85e4d7e9f5c9f45d20b6"
            },
            "dist": {
                "type": "zip",
                "url": "https://api.github.com/repos/ekolo-contributing/eko-helpers/zipball/4be901010e48f3950e3a85e4d7e9f5c9f45d20b6",
                "reference": "4be901010e48f3950e3a85e4d7e9f5c9f45d20b6",
                "shasum": ""
            },
            "require": {
                "php": ">=7.0"
            },
            "type": "library",
            "autoload": {
                "files": [
                    "src/helpers.php"
                ]
            },
            "notification-url": "https://packagist.org/downloads/",
            "license": [
                "MIT"
            ],
            "authors": [
                {
                    "name": "Don de Dieu BOLENGE",
                    "email": "dondedieubolenge@gmail.com"
                }
            ],
            "description": "Contient des fonctions",
            "keywords": [
                "eko",
                "eko-helpers",
                "ekolo",
                "helpers"
            ],
            "time": "2020-03-09T07:54:41+00:00"
        },
        {
            "name": "ekolo/eko-magic",
            "version": "0.3.1",
            "source": {
                "type": "git",
                "url": "https://github.com/ekolo-contributing/eko-magic.git",
                "reference": "1adb7d6648c996ecd29f95be446f88445fe8612c"
            },
            "dist": {
                "type": "zip",
                "url": "https://api.github.com/repos/ekolo-contributing/eko-magic/zipball/1adb7d6648c996ecd29f95be446f88445fe8612c",
                "reference": "1adb7d6648c996ecd29f95be446f88445fe8612c",
                "shasum": ""
            },
            "require": {
                "php": ">=7.1"
            },
            "type": "lbrary",
            "autoload": {
                "psr-4": {
                    "Ekolo\\Component\\EkoMagic\\": "src/"
                }
            },
            "notification-url": "https://packagist.org/downloads/",
            "license": [
                "MIT"
            ],
            "authors": [
                {
                    "name": "Don de Dieu BOLENGE",
                    "email": "dondedieubolenge@gmail.com"
                }
            ],
            "description": "Module permet de g\u0000n\u0000rer des m\u0000thodes magiques",
            "keywords": [
                "bag",
                "eko",
                "eko-magic",
                "ekolo",
                "magic",
                "magique",
                "parameter",
                "parameterbag"
            ],
            "time": "2020-03-09T08:25:10+00:00"
        },
        {
            "name": "ekolo/eko-session",
            "version": "0.1.1",
            "source": {
                "type": "git",
                "url": "https://github.com/ekolo-contributing/eko-session.git",
                "reference": "7c57e347968d7cafc3dd91ff022055a5bbfefd18"
            },
            "dist": {
                "type": "zip",
                "url": "https://api.github.com/repos/ekolo-contributing/eko-session/zipball/7c57e347968d7cafc3dd91ff022055a5bbfefd18",
                "reference": "7c57e347968d7cafc3dd91ff022055a5bbfefd18",
                "shasum": ""
            },
            "require": {
                "ekolo/eko-helpers": "^0.3.4",
                "ekolo/eko-magic": "^0.3.1",
                "php": ">=7.0"
            },
            "type": "library",
            "autoload": {
                "psr-4": {
                    "Ekolo\\Component\\EkoSession\\": "src/"
                }
            },
            "notification-url": "https://packagist.org/downloads/",
            "license": [
                "MIT"
            ],
            "authors": [
                {
                    "name": "Don de Dieu BOLENGE",
                    "email": "dondedieubolenge@gmail.com"
                }
            ],
            "description": "Module PHP permettant de g\u0000rer les sessions",
            "time": "2020-03-09T08:35:43+00:00"
        }
    ],
    "packages-dev": [],
    "aliases": [],
    "minimum-stability": "stable",
    "stability-flags": [],
    "prefer-stable": false,
    "prefer-lowest": false,
    "platform": {
        "php": ">=7.0"
    },
    "platform-dev": []
}
